
Microsoft Visual Studio Solution File, Format Version 12.00
Project("{FAE04EC0-301F-11D3-BF4B-00C04F79EFBC}") = "day1_variables", "day1_variables\day1_variables.csproj", "{DD0B8546-EF72-4E21-98BE-528AD96420FB}"
EndProject
Global
	GlobalSection(SolutionConfigurationPlatforms) = preSolution
		Debug|Any CPU = Debug|Any CPU
		Release|Any CPU = Release|Any CPU
	EndGlobalSection
	GlobalSection(ProjectConfigurationPlatforms) = postSolution
		{DD0B8546-EF72-4E21-98BE-528AD96420FB}.Debug|Any CPU.ActiveCfg = Debug|Any CPU
		{DD0B8546-EF72-4E21-98BE-528AD96420FB}.Debug|Any CPU.Build.0 = Debug|Any CPU
		{DD0B8546-EF72-4E21-98BE-528AD96420FB}.Release|Any CPU.ActiveCfg = Release|Any CPU
		{DD0B8546-EF72-4E21-98BE-528AD96420FB}.Release|Any CPU.Build.0 = Release|Any CPU
	EndGlobalSection
EndGlobal
